// !$*UTF8*$!
{
	archiveVersion = 1;
	classes = {
	};
	objectVersion = 46;
	objects = {

/* Begin PBXBuildFile section */
		03078BAA1ADB87A0009E19F1 /* main.c in Sources */ = {isa = PBXBuildFile; fileRef = 03078BA91ADB87A0009E19F1 /* main.c */; };
		03E898B91ADD1413001B5910 /* ActivityNetwork.c in Sources */ = {isa = PBXBuildFile; fileRef = 03E898B71ADD1413001B5910 /* ActivityNetwork.c */; };
/* End PBXBuildFile section */

/* Begin PBXCopyFilesBuildPhase section */
		03078BA41ADB87A0009E19F1 /* CopyFiles */ = {
			isa = PBXCopyFilesBuildPhase;
			buildActionMask = 2147483647;
			dstPath = /usr/share/man/man1/;
			dstSubfolderSpec = 0;
			files = (
			);
			runOnlyForDeploymentPostprocessing = 1;
		};
/* End PBXCopyFilesBuildPhase section */

/* Begin PBXFileReference section */
		03078BA61ADB87A0009E19F1 /* ActivityNetwork */ = {isa = PBXFileReference; explicitFileType = "compiled.mach-o.executable"; includeInIndex = 0; path = ActivityNetwork; sourceTree = BUILT_PRODUCTS_DIR; };
		03078BA91ADB87A0009E19F1 /* main.c */ = {isa = PBXFileReference; lastKnownFileType = sourcecode.c.c; path = main.c; sourceTree = "<group>"; };
		03E898B71ADD1413001B5910 /* ActivityNetwork.c */ = {isa = PBXFileReference; fileEncoding = 4; lastKnownFileType = sourcecode.c.c; path = ActivityNetwork.c; sourceTree = "<group>"; };
		03E898B81ADD1413001B5910 /* ActivityNetwork.h */ = {isa = PBXFileReference; fileEncoding = 4; lastKnownFileType = sourcecode.c.h; path = ActivityNetwork.h; sourceTree = "<group>"; };
/* End PBXFileReference section */

/* Begin PBXFrameworksBuildPhase section */
		03078BA31ADB87A0009E19F1 /* Frameworks */ = {
			isa = PBXFrameworksBuildPhase;
			buildActionMask = 2147483647;
			files = (
			);
			runOnlyForDeploymentPostprocessing = 0;
		};
/* End PBXFrameworksBuildPhase section */

/* Begin PBXGroup section */
		03078B9D1ADB87A0009E19F1 = {
			isa = PBXGroup;
			children = (
				03078BA81ADB87A0009E19F1 /* ActivityNetwork */,
				03078BA71ADB87A0009E19F1 /* Products */,
			);
			sourceTree = "<group>";
		};
		03078BA71ADB87A0009E19F1 /* Products */ = {
			isa = PBXGroup;
			children = (
				03078BA61ADB87A0009E19F1 /* ActivityNetwork */,
			);
			name = Products;
			sourceTree = "<group>";
		};
		03078BA81ADB87A0009E19F1 /* ActivityNetwork */ = {
			isa = PBXGroup;
			children = (
				03078BA91ADB87A0009E19F1 /* main.c */,
				03E898B71ADD1413001B5910 /* ActivityNetwork.c */,
				03E898B81ADD1413001B5910 /* ActivityNetwork.h */,
			);
			path = ActivityNetwork;
			sourceTree = "<group>";
		};
/* End PBXGroup section */

/* Begin PBXNativeTarget section */
		03078BA51ADB87A0009E19F1 /* ActivityNetwork */ = {
			isa = PBXNativeTarget;
			buildConfigurationList = 03078BAD1ADB87A0009E19F1 /* Build configuration list for PBXNativeTarget "ActivityNetwork" */;
			buildPhases = (
				03078BA21ADB87A0009E19F1 /* Sources */,
				03078BA31ADB87A0009E19F1 /* Frameworks */,
				03078BA41ADB87A0009E19F1 /* CopyFiles */,
			);
			buildRules = (
			);
			dependencies = (
			);
			name = ActivityNetwork;
			productName = ActivityNetwork;
			productReference = 03078BA61ADB87A0009E19F1 /* ActivityNetwork */;
			productType = "com.apple.product-type.tool";
		};
/* End PBXNativeTarget section */

/* Begin PBXProject section */
		03078B9E1ADB87A0009E19F1 /* Project object */ = {
			isa = PBXProject;
			attributes = {
				LastUpgradeCheck = 0630;
				ORGANIZATIONNAME = Antonio;
				TargetAttributes = {
					03078BA51ADB87A0009E19F1 = {
						CreatedOnToolsVersion = 6.3;
					};
				};
			};
			buildConfigurationList = 03078BA11ADB87A0009E19F1 /* Build configuration list for PBXProject "ActivityNetwork" */;
			compatibilityVersion = "Xcode 3.2";
			developmentRegion = English;
			hasScannedForEncodings = 0;
			knownRegions = (
				en,
			);
			mainGroup = 03078B9D1ADB87A0009E19F1;
			productRefGroup = 03078BA71ADB87A0009E19F1 /* Products */;
			projectDirPath = "";
			projectRoot = "";
			targets = (
				03078BA51ADB87A0009E19F1 /* ActivityNetwork */,
			);
		};
/* End PBXProject section */

/* Begin PBXSourcesBuildPhase section */
		03078BA21ADB87A0009E19F1 /* Sources */ = {
			isa = PBXSourcesBuildPhase;
			buildActionMask = 2147483647;
			files = (
				03078BAA1ADB87A0009E19F1 /* main.c in Sources */,
				03E898B91ADD1413001B5910 /* ActivityNetwork.c in Sources */,
			);
			runOnlyForDeploymentPostprocessing = 0;
		};
/* End PBXSourcesBuildPhase section */

/* Begin XCBuildConfiguration section */
		03078BAB1ADB87A0009E19F1 /* Debug */ = {
			isa = XCBuildConfiguration;
			buildSettings = {
				ALWAYS_SEARCH_USER_PATHS = NO;
				CLANG_CXX_LANGUAGE_STANDARD = "gnu++0x";
				CLANG_CXX_LIBRARY = "libc++";
				CLANG_ENABLE_MODULES = YES;
				CLANG_ENABLE_OBJC_ARC = YES;
				CLANG_WARN_BOOL_CONVERSION = YES;
				CLANG_WARN_CONSTANT_CONVERSION = YES;
				CLANG_WARN_DIRECT_OBJC_ISA_USAGE = YES_ERROR;
				CLANG_WARN_EMPTY_BODY = YES;
				CLANG_WARN_ENUM_CONVERSION = YES;
				CLANG_WARN_INT_CONVERSION = YES;
				CLANG_WARN_OBJC_ROOT_CLASS = YES_ERROR;
				CLANG_WARN_UNREACHABLE_CODE = YES;
				CLANG_WARN__DUPLICATE_METHOD_MATCH = YES;
				COPY_PHASE_STRIP = NO;
				DEBUG_INFORMATION_FORMAT = dwarf;
				ENABLE_STRICT_OBJC_MSGSEND = YES;
				GCC_C_LANGUAGE_STANDARD = gnu99;
				GCC_DYNAMIC_NO_PIC = NO;
				GCC_NO_COMMON_BLOCKS = YES;
				GCC_OPTIMIZATION_LEVEL = 0;
				GCC_PREPROCESSOR_DEFINITIONS = (
					"DEBUG=1",
					"$(inherited)",
				);
				GCC_SYMBOLS_PRIVATE_EXTERN = NO;
				GCC_WARN_64_TO_32_BIT_CONVERSION = YES;
				GCC_WARN_ABOUT_RETURN_TYPE = YES_ERROR;
				GCC_WARN_UNDECLARED_SELECTOR = YES;
				GCC_WARN_UNINITIALIZED_AUTOS = YES_AGGRESSIVE;
				GCC_WARN_UNUSED_FUNCTION = YES;
				GCC_WARN_UNUSED_VARIABLE = YES;
				MACOSX_DEPLOYMENT_TARGET = 10.10;
				MTL_ENABLE_DEBUG_INFO = YES;
				ONLY_ACTIVE_ARCH = YES;
				SDKROOT = macosx;
			};
			name = Debug;
		};
		03078BAC1ADB87A0009E19F1 /* Release */ = {
			isa = XCBuildConfiguration;
			buildSettings = {
				ALWAYS_SEARCH_USER_PATHS = NO;
				CLANG_CXX_LANGUAGE_STANDARD = "gnu++0x";
				CLANG_CXX_LIBRARY = "libc++";
				CLANG_ENABLE_MODULES = YES;
				CLANG_ENABLE_OBJC_ARC = YES;
				CLANG_WARN_BOOL_CONVERSION = YES;
				CLANG_WARN_CONSTANT_CONVERSION = YES;
				CLANG_WARN_DIRECT_OBJC_ISA_USAGE = YES_ERROR;
				CLANG_WARN_EMPTY_BODY = YES;
				CLANG_WARN_ENUM_CONVERSION = YES;
				CLANG_WARN_INT_CONVERSION = YES;
				CLANG_WARN_OBJC_ROOT_CLASS = YES_ERROR;
				CLANG_WARN_UNREACHABLE_CODE = YES;
				CLANG_WARN__DUPLICATE_METHOD_MATCH = YES;
				COPY_PHASE_STRIP = NO;
				DEBUG_INFORMATION_FORMAT = "dwarf-with-dsym";
				ENABLE_NS_ASSERTIONS = NO;
				ENABLE_STRICT_OBJC_MSGSEND = YES;
				GCC_C_LANGUAGE_STANDARD = gnu99;
				GCC_NO_COMMON_BLOCKS = YES;
				GCC_WARN_64_TO_32_BIT_CONVERSION = YES;
				GCC_WARN_ABOUT_RETURN_TYPE = YES_ERROR;
				GCC_WARN_UNDECLARED_SELECTOR = YES;
				GCC_WARN_UNINITIALIZED_AUTOS = YES_AGGRESSIVE;
				GCC_WARN_UNUSED_FUNCTION = YES;
				GCC_WARN_UNUSED_VARIABLE = YES;
				MACOSX_DEPLOYMENT_TARGET = 10.10;
				MTL_ENABLE_DEBUG_INFO = NO;
				SDKROOT = macosx;
			};
			name = Release;
		};
		03078BAE1ADB87A0009E19F1 /* Debug */ = {
			isa = XCBuildConfiguration;
			buildSettings = {
				PRODUCT_NAME = "$(TARGET_NAME)";
			};
			name = Debug;
		};
		03078BAF1ADB87A0009E19F1 /* Release */ = {
			isa = XCBuildConfiguration;
			buildSettings = {
				PRODUCT_NAME = "$(TARGET_NAME)";
			};
			name = Release;
		};
/* End XCBuildConfiguration section */

/* Begin XCConfigurationList section */
		03078BA11ADB87A0009E19F1 /* Build configuration list for PBXProject "ActivityNetwork" */ = {
			isa = XCConfigurationList;
			buildConfigurations = (
				03078BAB1ADB87A0009E19F1 /* Debug */,
				03078BAC1ADB87A0009E19F1 /* Release */,
			);
			defaultConfigurationIsVisible = 0;
			defaultConfigurationName = Release;
		};
		03078BAD1ADB87A0009E19F1 /* Build configuration list for PBXNativeTarget "ActivityNetwork" */ = {
			isa = XCConfigurationList;
			buildConfigurations = (
				03078BAE1ADB87A0009E19F1 /* Debug */,
				03078BAF1ADB87A0009E19F1 /* Release */,
			);
			defaultConfigurationIsVisible = 0;
			defaultConfigurationName = Release;
		};
/* End XCConfigurationList section */
	};
	rootObject = 03078B9E1ADB87A0009E19F1 /* Project object */;
}
